
Microsoft Visual Studio Solution File, Format Version 12.00
# Visual Studio Version 17
VisualStudioVersion = 17.1.32228.430
MinimumVisualStudioVersion = 10.0.40219.1
Project("{9A19103F-16F7-4668-BE54-9A1E7A4F7556}") = "WinAPI", "WinAPI\WinAPI.csproj", "{6B6F3E29-8C49-44BA-A6E1-0A5E554514C5}"
EndProject
Project("{2150E333-8FDC-42A3-9474-1A3956D46DE8}") = "DotNetUtil.WinAPI", "DotNetUtil.WinAPI", "{E1B329B7-967E-4A5A-B050-304B38B4BB75}"
EndProject
Project("{2150E333-8FDC-42A3-9474-1A3956D46DE8}") = "Solution Items", "Solution Items", "{A474399B-7C01-4AB6-98FA-4BEB9917E639}"
	ProjectSection(SolutionItems) = preProject
		.editorconfig = .editorconfig
	EndProjectSection
EndProject
Project("{9A19103F-16F7-4668-BE54-9A1E7A4F7556}") = "WinAPI.Tester", "WinAPI.Tester\WinAPI.Tester.csproj", "{B3BE60C3-440C-4FC4-B9A4-CFDAD9AC562F}"
EndProject
Project("{2150E333-8FDC-42A3-9474-1A3956D46DE8}") = "DotNetUtil.Common", "DotNetUtil.Common", "{14497CA5-C5DE-4340-94AC-FB47CD2ED73C}"
EndProject
Project("{9A19103F-16F7-4668-BE54-9A1E7A4F7556}") = "Common", "Common\Common.csproj", "{4CEA7A11-11B1-4277-8AE2-72E1343190E0}"
EndProject
Project("{9A19103F-16F7-4668-BE54-9A1E7A4F7556}") = "Common.UnitTestProject", "Common.UnitTestProject\Common.UnitTestProject.csproj", "{22C50589-7E0A-4F61-A249-B71F2499FACE}"
EndProject
Project("{2150E333-8FDC-42A3-9474-1A3956D46DE8}") = "Test", "Test", "{BFE033C5-4E82-4C6C-AB91-AB08E3AD0074}"
EndProject
Project("{9A19103F-16F7-4668-BE54-9A1E7A4F7556}") = "Common.Apps", "Common.Apps\Common.Apps.csproj", "{4FBEC5A0-25A4-4FAC-A13B-AA4E09C6E921}"
EndProject
Global
	GlobalSection(SolutionConfigurationPlatforms) = preSolution
		Debug|Any CPU = Debug|Any CPU
		Release|Any CPU = Release|Any CPU
	EndGlobalSection
	GlobalSection(ProjectConfigurationPlatforms) = postSolution
		{6B6F3E29-8C49-44BA-A6E1-0A5E554514C5}.Debug|Any CPU.ActiveCfg = Debug|Any CPU
		{6B6F3E29-8C49-44BA-A6E1-0A5E554514C5}.Debug|Any CPU.Build.0 = Debug|Any CPU
		{6B6F3E29-8C49-44BA-A6E1-0A5E554514C5}.Release|Any CPU.ActiveCfg = Release|Any CPU
		{6B6F3E29-8C49-44BA-A6E1-0A5E554514C5}.Release|Any CPU.Build.0 = Release|Any CPU
		{B3BE60C3-440C-4FC4-B9A4-CFDAD9AC562F}.Debug|Any CPU.ActiveCfg = Debug|Any CPU
		{B3BE60C3-440C-4FC4-B9A4-CFDAD9AC562F}.Debug|Any CPU.Build.0 = Debug|Any CPU
		{B3BE60C3-440C-4FC4-B9A4-CFDAD9AC562F}.Release|Any CPU.ActiveCfg = Release|Any CPU
		{B3BE60C3-440C-4FC4-B9A4-CFDAD9AC562F}.Release|Any CPU.Build.0 = Release|Any CPU
		{4CEA7A11-11B1-4277-8AE2-72E1343190E0}.Debug|Any CPU.ActiveCfg = Debug|Any CPU
		{4CEA7A11-11B1-4277-8AE2-72E1343190E0}.Debug|Any CPU.Build.0 = Debug|Any CPU
		{4CEA7A11-11B1-4277-8AE2-72E1343190E0}.Release|Any CPU.ActiveCfg = Release|Any CPU
		{4CEA7A11-11B1-4277-8AE2-72E1343190E0}.Release|Any CPU.Build.0 = Release|Any CPU
		{22C50589-7E0A-4F61-A249-B71F2499FACE}.Debug|Any CPU.ActiveCfg = Debug|Any CPU
		{22C50589-7E0A-4F61-A249-B71F2499FACE}.Debug|Any CPU.Build.0 = Debug|Any CPU
		{22C50589-7E0A-4F61-A249-B71F2499FACE}.Release|Any CPU.ActiveCfg = Release|Any CPU
		{22C50589-7E0A-4F61-A249-B71F2499FACE}.Release|Any CPU.Build.0 = Release|Any CPU
		{4FBEC5A0-25A4-4FAC-A13B-AA4E09C6E921}.Debug|Any CPU.ActiveCfg = Debug|Any CPU
		{4FBEC5A0-25A4-4FAC-A13B-AA4E09C6E921}.Debug|Any CPU.Build.0 = Debug|Any CPU
		{4FBEC5A0-25A4-4FAC-A13B-AA4E09C6E921}.Release|Any CPU.ActiveCfg = Release|Any CPU
		{4FBEC5A0-25A4-4FAC-A13B-AA4E09C6E921}.Release|Any CPU.Build.0 = Release|Any CPU
	EndGlobalSection
	GlobalSection(SolutionProperties) = preSolution
		HideSolutionNode = FALSE
	EndGlobalSection
	GlobalSection(NestedProjects) = preSolution
		{6B6F3E29-8C49-44BA-A6E1-0A5E554514C5} = {E1B329B7-967E-4A5A-B050-304B38B4BB75}
		{B3BE60C3-440C-4FC4-B9A4-CFDAD9AC562F} = {E1B329B7-967E-4A5A-B050-304B38B4BB75}
		{4CEA7A11-11B1-4277-8AE2-72E1343190E0} = {14497CA5-C5DE-4340-94AC-FB47CD2ED73C}
		{22C50589-7E0A-4F61-A249-B71F2499FACE} = {BFE033C5-4E82-4C6C-AB91-AB08E3AD0074}
		{BFE033C5-4E82-4C6C-AB91-AB08E3AD0074} = {14497CA5-C5DE-4340-94AC-FB47CD2ED73C}
		{4FBEC5A0-25A4-4FAC-A13B-AA4E09C6E921} = {14497CA5-C5DE-4340-94AC-FB47CD2ED73C}
	EndGlobalSection
	GlobalSection(ExtensibilityGlobals) = postSolution
		SolutionGuid = {127A2C68-6627-481D-ABC4-0414F5B0FC3A}
	EndGlobalSection
EndGlobal
